{
  "lockfileVersion": 1,
  "configVersion": 1,
  "workspaces": {
    "": {
      "name": "@navfolio/pages",
      "dependencies": {
        "@navfolio/page-projects": "github:navfolio/page-projects",
      },
      "devDependencies": {
        "typescript": "^6.0.3",
      },
    },
  },
  "packages": {
    "@navfolio/page-projects": ["@navfolio/page-projects@github:navfolio/page-projects#edd089f", {}, "navfolio-page-projects-edd089f", "sha512-oGCQj74En3nfYdhZaUAWcNKEDMWnrMuidAZGOjfnGwjPTHn3nCH5Sdxf56n0jeaehl7KJAFoZwnRRkwi3pUTng=="],

    "typescript": ["typescript@6.0.3", "", { "bin": { "tsc": "bin/tsc", "tsserver": "bin/tsserver" } }, "sha512-y2TvuxSZPDyQakkFRPZHKFm+KKVqIisdg9/CZwm9ftvKXLP8NRWj38/ODjNbr43SsoXqNuAisEf1GdCxqWcdBw=="],
  }
}
