{
  "lockfileVersion": 1,
  "configVersion": 1,
  "workspaces": {
    "": {
      "name": "@navfolio/pages",
      "dependencies": {
        "@navfolio/core": "github:navfolio/core",
      },
      "devDependencies": {
        "typescript": "^6.0.3",
      },
    },
  },
  "packages": {
    "@navfolio/core": ["@navfolio/core@github:navfolio/core#cab4160", {}, "navfolio-core-cab4160", "sha512-SxIjZSqvjimn5jD2Ps0XBeDzmOuuvo/t83N4G1o9oYtmi8dhtfy8wVFdAcT/g+lUg8O89lt2uO6GIiIGJsfIpw=="],

    "typescript": ["typescript@6.0.3", "https://bnpm.byted.org/typescript/-/typescript-6.0.3.tgz", { "bin": { "tsc": "bin/tsc", "tsserver": "bin/tsserver" } }, "sha512-y2TvuxSZPDyQakkFRPZHKFm+KKVqIisdg9/CZwm9ftvKXLP8NRWj38/ODjNbr43SsoXqNuAisEf1GdCxqWcdBw=="],
  }
}
